
Microsoft Visual Studio Solution File, Format Version 12.00
# Visual Studio Version 16
VisualStudioVersion = 16.0.31005.135
MinimumVisualStudioVersion = 10.0.40219.1
Project("{8BC9CEB8-8B4A-11D0-8D11-00A0C91BC942}") = "GameServer", "GameServer\GameServer.vcxproj", "{F03FE732-3473-4BBD-94B1-D4916C3B4A15}"
EndProject
Project("{8BC9CEB8-8B4A-11D0-8D11-00A0C91BC942}") = "ServerCore", "ServerCore\ServerCore.vcxproj", "{CAC2B122-7251-4759-8D77-04CD547B7348}"
EndProject
Project("{2150E333-8FDC-42A3-9474-1A3956D46DE8}") = "Tools", "Tools", "{AAB2B7EA-72D4-422C-A78F-EAF22D6F60DB}"
EndProject
Project("{888888A0-9F3D-457C-B088-3A5042F75D52}") = "PacketGenerator", "Tools\PacketGenerator\PacketGenerator.pyproj", "{403B63B8-588B-47E2-9EF6-30B9233B8F0F}"
EndProject
Project("{888888A0-9F3D-457C-B088-3A5042F75D52}") = "ProcedureGenerator", "Tools\ProcedureGenerator\ProcedureGenerator.pyproj", "{59C0744C-BAF7-4D08-B03F-246185A416B6}"
EndProject
Project("{8BC9CEB8-8B4A-11D0-8D11-00A0C91BC942}") = "DummyClient", "DummyClient\DummyClient.vcxproj", "{BB44AE35-8484-4283-B63B-CEAC19CB6242}"
EndProject
Global
	GlobalSection(SolutionConfigurationPlatforms) = preSolution
		Debug|Any CPU = Debug|Any CPU
		Debug|x64 = Debug|x64
		Debug|x86 = Debug|x86
		Release|Any CPU = Release|Any CPU
		Release|x64 = Release|x64
		Release|x86 = Release|x86
	EndGlobalSection
	GlobalSection(ProjectConfigurationPlatforms) = postSolution
		{F03FE732-3473-4BBD-94B1-D4916C3B4A15}.Debug|Any CPU.ActiveCfg = Debug|Win32
		{F03FE732-3473-4BBD-94B1-D4916C3B4A15}.Debug|x64.ActiveCfg = Debug|x64
		{F03FE732-3473-4BBD-94B1-D4916C3B4A15}.Debug|x64.Build.0 = Debug|x64
		{F03FE732-3473-4BBD-94B1-D4916C3B4A15}.Debug|x86.ActiveCfg = Debug|Win32
		{F03FE732-3473-4BBD-94B1-D4916C3B4A15}.Debug|x86.Build.0 = Debug|Win32
		{F03FE732-3473-4BBD-94B1-D4916C3B4A15}.Release|Any CPU.ActiveCfg = Release|Win32
		{F03FE732-3473-4BBD-94B1-D4916C3B4A15}.Release|x64.ActiveCfg = Release|x64
		{F03FE732-3473-4BBD-94B1-D4916C3B4A15}.Release|x64.Build.0 = Release|x64
		{F03FE732-3473-4BBD-94B1-D4916C3B4A15}.Release|x86.ActiveCfg = Release|Win32
		{F03FE732-3473-4BBD-94B1-D4916C3B4A15}.Release|x86.Build.0 = Release|Win32
		{CAC2B122-7251-4759-8D77-04CD547B7348}.Debug|Any CPU.ActiveCfg = Debug|Win32
		{CAC2B122-7251-4759-8D77-04CD547B7348}.Debug|x64.ActiveCfg = Debug|x64
		{CAC2B122-7251-4759-8D77-04CD547B7348}.Debug|x64.Build.0 = Debug|x64
		{CAC2B122-7251-4759-8D77-04CD547B7348}.Debug|x86.ActiveCfg = Debug|Win32
		{CAC2B122-7251-4759-8D77-04CD547B7348}.Debug|x86.Build.0 = Debug|Win32
		{CAC2B122-7251-4759-8D77-04CD547B7348}.Release|Any CPU.ActiveCfg = Release|Win32
		{CAC2B122-7251-4759-8D77-04CD547B7348}.Release|x64.ActiveCfg = Release|x64
		{CAC2B122-7251-4759-8D77-04CD547B7348}.Release|x64.Build.0 = Release|x64
		{CAC2B122-7251-4759-8D77-04CD547B7348}.Release|x86.ActiveCfg = Release|Win32
		{CAC2B122-7251-4759-8D77-04CD547B7348}.Release|x86.Build.0 = Release|Win32
		{403B63B8-588B-47E2-9EF6-30B9233B8F0F}.Debug|Any CPU.ActiveCfg = Debug|Any CPU
		{403B63B8-588B-47E2-9EF6-30B9233B8F0F}.Debug|x64.ActiveCfg = Debug|Any CPU
		{403B63B8-588B-47E2-9EF6-30B9233B8F0F}.Debug|x86.ActiveCfg = Debug|Any CPU
		{403B63B8-588B-47E2-9EF6-30B9233B8F0F}.Release|Any CPU.ActiveCfg = Release|Any CPU
		{403B63B8-588B-47E2-9EF6-30B9233B8F0F}.Release|x64.ActiveCfg = Release|Any CPU
		{403B63B8-588B-47E2-9EF6-30B9233B8F0F}.Release|x86.ActiveCfg = Release|Any CPU
		{59C0744C-BAF7-4D08-B03F-246185A416B6}.Debug|Any CPU.ActiveCfg = Debug|Any CPU
		{59C0744C-BAF7-4D08-B03F-246185A416B6}.Debug|x64.ActiveCfg = Debug|Any CPU
		{59C0744C-BAF7-4D08-B03F-246185A416B6}.Debug|x86.ActiveCfg = Debug|Any CPU
		{59C0744C-BAF7-4D08-B03F-246185A416B6}.Release|Any CPU.ActiveCfg = Release|Any CPU
		{59C0744C-BAF7-4D08-B03F-246185A416B6}.Release|x64.ActiveCfg = Release|Any CPU
		{59C0744C-BAF7-4D08-B03F-246185A416B6}.Release|x86.ActiveCfg = Release|Any CPU
		{BB44AE35-8484-4283-B63B-CEAC19CB6242}.Debug|Any CPU.ActiveCfg = Debug|Win32
		{BB44AE35-8484-4283-B63B-CEAC19CB6242}.Debug|x64.ActiveCfg = Debug|x64
		{BB44AE35-8484-4283-B63B-CEAC19CB6242}.Debug|x64.Build.0 = Debug|x64
		{BB44AE35-8484-4283-B63B-CEAC19CB6242}.Debug|x86.ActiveCfg = Debug|Win32
		{BB44AE35-8484-4283-B63B-CEAC19CB6242}.Debug|x86.Build.0 = Debug|Win32
		{BB44AE35-8484-4283-B63B-CEAC19CB6242}.Release|Any CPU.ActiveCfg = Release|Win32
		{BB44AE35-8484-4283-B63B-CEAC19CB6242}.Release|x64.ActiveCfg = Release|x64
		{BB44AE35-8484-4283-B63B-CEAC19CB6242}.Release|x64.Build.0 = Release|x64
		{BB44AE35-8484-4283-B63B-CEAC19CB6242}.Release|x86.ActiveCfg = Release|Win32
		{BB44AE35-8484-4283-B63B-CEAC19CB6242}.Release|x86.Build.0 = Release|Win32
	EndGlobalSection
	GlobalSection(SolutionProperties) = preSolution
		HideSolutionNode = FALSE
	EndGlobalSection
	GlobalSection(NestedProjects) = preSolution
		{403B63B8-588B-47E2-9EF6-30B9233B8F0F} = {AAB2B7EA-72D4-422C-A78F-EAF22D6F60DB}
		{59C0744C-BAF7-4D08-B03F-246185A416B6} = {AAB2B7EA-72D4-422C-A78F-EAF22D6F60DB}
	EndGlobalSection
	GlobalSection(ExtensibilityGlobals) = postSolution
		SolutionGuid = {1E060915-B863-46DA-90CF-E578696AA9FC}
	EndGlobalSection
EndGlobal
